
Microsoft Visual Studio Solution File, Format Version 12.00
# Visual Studio Version 16
VisualStudioVersion = 16.0.28803.202
MinimumVisualStudioVersion = 10.0.40219.1
Project("{FAE04EC0-301F-11D3-BF4B-00C04F79EFBC}") = "CommitFormatter", "CommitFormatter\CommitFormatter.csproj", "{1484406E-214F-4271-A3A9-3416E40F3E32}"
EndProject
Project("{FAE04EC0-301F-11D3-BF4B-00C04F79EFBC}") = "CommitFormatter.Tests", "CommitFormatter.Tests\CommitFormatter.Tests.csproj", "{54F26C23-DE38-478A-A9F4-A68AFFD101C2}"
EndProject
Project("{FAE04EC0-301F-11D3-BF4B-00C04F79EFBC}") = "CommitFormatter.Core", "CommitFormatter.Core\CommitFormatter.Core.csproj", "{F381663E-9AFE-499A-8C16-770AB9C33977}"
EndProject
Project("{FAE04EC0-301F-11D3-BF4B-00C04F79EFBC}") = "CommitFormatter.TeamFoundation.14.0", "CommitFormatter.TeamFoundation.14.0\CommitFormatter.TeamFoundation.14.0.csproj", "{4B8C9B91-E3F3-4BA6-AE7B-2AEE47B8778B}"
EndProject
Project("{FAE04EC0-301F-11D3-BF4B-00C04F79EFBC}") = "CommitFormatter.TeamFoundation.15.0", "CommitFormatter.TeamFoundation.15.0\CommitFormatter.TeamFoundation.15.0.csproj", "{DC93D32A-FEF5-4A1B-AAD4-B81B9BEBC4CE}"
EndProject
Project("{2150E333-8FDC-42A3-9474-1A3956D46DE8}") = "Solution Items", "Solution Items", "{3F07D13F-C37D-4043-8513-8943B2C8B8E4}"
	ProjectSection(SolutionItems) = preProject
		README.md = README.md
	EndProjectSection
EndProject
Project("{FAE04EC0-301F-11D3-BF4B-00C04F79EFBC}") = "CommitFormatter.TeamFoundation.16.0", "CommitFormatter.TeamFoundation.16.0\CommitFormatter.TeamFoundation.16.0.csproj", "{EE6B9DC5-35DC-46B7-A690-211C061B8027}"
EndProject
Global
	GlobalSection(SolutionConfigurationPlatforms) = preSolution
		Debug|Any CPU = Debug|Any CPU
		Release|Any CPU = Release|Any CPU
	EndGlobalSection
	GlobalSection(ProjectConfigurationPlatforms) = postSolution
		{1484406E-214F-4271-A3A9-3416E40F3E32}.Debug|Any CPU.ActiveCfg = Debug|Any CPU
		{1484406E-214F-4271-A3A9-3416E40F3E32}.Debug|Any CPU.Build.0 = Debug|Any CPU
		{1484406E-214F-4271-A3A9-3416E40F3E32}.Release|Any CPU.ActiveCfg = Release|Any CPU
		{1484406E-214F-4271-A3A9-3416E40F3E32}.Release|Any CPU.Build.0 = Release|Any CPU
		{54F26C23-DE38-478A-A9F4-A68AFFD101C2}.Debug|Any CPU.ActiveCfg = Debug|Any CPU
		{54F26C23-DE38-478A-A9F4-A68AFFD101C2}.Debug|Any CPU.Build.0 = Debug|Any CPU
		{54F26C23-DE38-478A-A9F4-A68AFFD101C2}.Release|Any CPU.ActiveCfg = Release|Any CPU
		{54F26C23-DE38-478A-A9F4-A68AFFD101C2}.Release|Any CPU.Build.0 = Release|Any CPU
		{F381663E-9AFE-499A-8C16-770AB9C33977}.Debug|Any CPU.ActiveCfg = Debug|Any CPU
		{F381663E-9AFE-499A-8C16-770AB9C33977}.Debug|Any CPU.Build.0 = Debug|Any CPU
		{F381663E-9AFE-499A-8C16-770AB9C33977}.Release|Any CPU.ActiveCfg = Release|Any CPU
		{F381663E-9AFE-499A-8C16-770AB9C33977}.Release|Any CPU.Build.0 = Release|Any CPU
		{4B8C9B91-E3F3-4BA6-AE7B-2AEE47B8778B}.Debug|Any CPU.ActiveCfg = Debug|Any CPU
		{4B8C9B91-E3F3-4BA6-AE7B-2AEE47B8778B}.Debug|Any CPU.Build.0 = Debug|Any CPU
		{4B8C9B91-E3F3-4BA6-AE7B-2AEE47B8778B}.Release|Any CPU.ActiveCfg = Release|Any CPU
		{4B8C9B91-E3F3-4BA6-AE7B-2AEE47B8778B}.Release|Any CPU.Build.0 = Release|Any CPU
		{DC93D32A-FEF5-4A1B-AAD4-B81B9BEBC4CE}.Debug|Any CPU.ActiveCfg = Debug|Any CPU
		{DC93D32A-FEF5-4A1B-AAD4-B81B9BEBC4CE}.Debug|Any CPU.Build.0 = Debug|Any CPU
		{DC93D32A-FEF5-4A1B-AAD4-B81B9BEBC4CE}.Release|Any CPU.ActiveCfg = Release|Any CPU
		{DC93D32A-FEF5-4A1B-AAD4-B81B9BEBC4CE}.Release|Any CPU.Build.0 = Release|Any CPU
		{EE6B9DC5-35DC-46B7-A690-211C061B8027}.Debug|Any CPU.ActiveCfg = Debug|Any CPU
		{EE6B9DC5-35DC-46B7-A690-211C061B8027}.Debug|Any CPU.Build.0 = Debug|Any CPU
		{EE6B9DC5-35DC-46B7-A690-211C061B8027}.Release|Any CPU.ActiveCfg = Release|Any CPU
		{EE6B9DC5-35DC-46B7-A690-211C061B8027}.Release|Any CPU.Build.0 = Release|Any CPU
	EndGlobalSection
	GlobalSection(SolutionProperties) = preSolution
		HideSolutionNode = FALSE
	EndGlobalSection
	GlobalSection(ExtensibilityGlobals) = postSolution
		SolutionGuid = {66771BF0-D041-4FDB-A362-7A3F4BBF9099}
	EndGlobalSection
EndGlobal
